
Microsoft Visual Studio Solution File, Format Version 12.00
# Visual Studio Version 17
VisualStudioVersion = 17.9.34723.18
MinimumVisualStudioVersion = 10.0.40219.1
Project("{FAE04EC0-301F-11D3-BF4B-00C04F79EFBC}") = "ConsoleApp1", "ConsoleApp1\ConsoleApp1.csproj", "{A74A292D-8CA4-4C30-B00E-8E491E240504}"
EndProject
Global
	GlobalSection(SolutionConfigurationPlatforms) = preSolution
		Debug|Any CPU = Debug|Any CPU
		Release|Any CPU = Release|Any CPU
	EndGlobalSection
	GlobalSection(ProjectConfigurationPlatforms) = postSolution
		{A74A292D-8CA4-4C30-B00E-8E491E240504}.Debug|Any CPU.ActiveCfg = Debug|Any CPU
		{A74A292D-8CA4-4C30-B00E-8E491E240504}.Debug|Any CPU.Build.0 = Debug|Any CPU
		{A74A292D-8CA4-4C30-B00E-8E491E240504}.Release|Any CPU.ActiveCfg = Release|Any CPU
		{A74A292D-8CA4-4C30-B00E-8E491E240504}.Release|Any CPU.Build.0 = Release|Any CPU
	EndGlobalSection
	GlobalSection(SolutionProperties) = preSolution
		HideSolutionNode = FALSE
	EndGlobalSection
	GlobalSection(ExtensibilityGlobals) = postSolution
		SolutionGuid = {1047101A-744E-478E-A77F-4E6C988003C3}
	EndGlobalSection
EndGlobal
